// !$*UTF8*$!
{
	archiveVersion = 1;
	classes = {
	};
	objectVersion = 46;
	objects = {

/* Begin PBXBuildFile section */
		A6693C971D1C0D88008A3E41 /* main.m in Sources */ = {isa = PBXBuildFile; fileRef = A6693C961D1C0D88008A3E41 /* main.m */; };
		A6693C9A1D1C0D88008A3E41 /* AppDelegate.m in Sources */ = {isa = PBXBuildFile; fileRef = A6693C991D1C0D88008A3E41 /* AppDelegate.m */; };
		A6693C9D1D1C0D88008A3E41 /* ViewController.m in Sources */ = {isa = PBXBuildFile; fileRef = A6693C9C1D1C0D88008A3E41 /* ViewController.m */; };
		A6693CA01D1C0D88008A3E41 /* Main.storyboard in Resources */ = {isa = PBXBuildFile; fileRef = A6693C9E1D1C0D88008A3E41 /* Main.storyboard */; };
		A6693CA21D1C0D88008A3E41 /* Assets.xcassets in Resources */ = {isa = PBXBuildFile; fileRef = A6693CA11D1C0D88008A3E41 /* Assets.xcassets */; };
		A6693CA51D1C0D88008A3E41 /* LaunchScreen.storyboard in Resources */ = {isa = PBXBuildFile; fileRef = A6693CA31D1C0D88008A3E41 /* LaunchScreen.storyboard */; };
/* End PBXBuildFile section */

/* Begin PBXFileReference section */
		A6693C921D1C0D88008A3E41 /* AlbumReaderDemo.app */ = {isa = PBXFileReference; explicitFileType = wrapper.application; includeInIndex = 0; path = AlbumReaderDemo.app; sourceTree = BUILT_PRODUCTS_DIR; };
		A6693C961D1C0D88008A3E41 /* main.m */ = {isa = PBXFileReference; lastKnownFileType = sourcecode.c.objc; path = main.m; sourceTree = "<group>"; };
		A6693C981D1C0D88008A3E41 /* AppDelegate.h */ = {isa = PBXFileReference; lastKnownFileType = sourcecode.c.h; path = AppDelegate.h; sourceTree = "<group>"; };
		A6693C991D1C0D88008A3E41 /* AppDelegate.m */ = {isa = PBXFileReference; lastKnownFileType = sourcecode.c.objc; path = AppDelegate.m; sourceTree = "<group>"; };
		A6693C9B1D1C0D88008A3E41 /* ViewController.h */ = {isa = PBXFileReference; lastKnownFileType = sourcecode.c.h; path = ViewController.h; sourceTree = "<group>"; };
		A6693C9C1D1C0D88008A3E41 /* ViewController.m */ = {isa = PBXFileReference; lastKnownFileType = sourcecode.c.objc; path = ViewController.m; sourceTree = "<group>"; };
		A6693C9F1D1C0D88008A3E41 /* Base */ = {isa = PBXFileReference; lastKnownFileType = file.storyboard; name = Base; path = Base.lproj/Main.storyboard; sourceTree = "<group>"; };
		A6693CA11D1C0D88008A3E41 /* Assets.xcassets */ = {isa = PBXFileReference; lastKnownFileType = folder.assetcatalog; path = Assets.xcassets; sourceTree = "<group>"; };
		A6693CA41D1C0D88008A3E41 /* Base */ = {isa = PBXFileReference; lastKnownFileType = file.storyboard; name = Base; path = Base.lproj/LaunchScreen.storyboard; sourceTree = "<group>"; };
		A6693CA61D1C0D88008A3E41 /* Info.plist */ = {isa = PBXFileReference; lastKnownFileType = text.plist.xml; path = Info.plist; sourceTree = "<group>"; };
/* End PBXFileReference section */

/* Begin PBXFrameworksBuildPhase section */
		A6693C8F1D1C0D88008A3E41 /* Frameworks */ = {
			isa = PBXFrameworksBuildPhase;
			buildActionMask = 2147483647;
			files = (
			);
			runOnlyForDeploymentPostprocessing = 0;
		};
/* End PBXFrameworksBuildPhase section */

/* Begin PBXGroup section */
		A6693C891D1C0D88008A3E41 = {
			isa = PBXGroup;
			children = (
				A6693CAC1D1C0DAF008A3E41 /* AlbumReader */,
				A6693C941D1C0D88008A3E41 /* AlbumReaderDemo */,
				A6693C931D1C0D88008A3E41 /* Products */,
			);
			sourceTree = "<group>";
		};
		A6693C931D1C0D88008A3E41 /* Products */ = {
			isa = PBXGroup;
			children = (
				A6693C921D1C0D88008A3E41 /* AlbumReaderDemo.app */,
			);
			name = Products;
			sourceTree = "<group>";
		};
		A6693C941D1C0D88008A3E41 /* AlbumReaderDemo */ = {
			isa = PBXGroup;
			children = (
				A6693C981D1C0D88008A3E41 /* AppDelegate.h */,
				A6693C991D1C0D88008A3E41 /* AppDelegate.m */,
				A6693C9B1D1C0D88008A3E41 /* ViewController.h */,
				A6693C9C1D1C0D88008A3E41 /* ViewController.m */,
				A6693C9E1D1C0D88008A3E41 /* Main.storyboard */,
				A6693CA11D1C0D88008A3E41 /* Assets.xcassets */,
				A6693CA31D1C0D88008A3E41 /* LaunchScreen.storyboard */,
				A6693CA61D1C0D88008A3E41 /* Info.plist */,
				A6693C951D1C0D88008A3E41 /* Supporting Files */,
			);
			path = AlbumReaderDemo;
			sourceTree = "<group>";
		};
		A6693C951D1C0D88008A3E41 /* Supporting Files */ = {
			isa = PBXGroup;
			children = (
				A6693C961D1C0D88008A3E41 /* main.m */,
			);
			name = "Supporting Files";
			sourceTree = "<group>";
		};
		A6693CAC1D1C0DAF008A3E41 /* AlbumReader */ = {
			isa = PBXGroup;
			children = (
			);
			name = AlbumReader;
			path = ../../AlbumReader;
			sourceTree = "<group>";
		};
/* End PBXGroup section */

/* Begin PBXNativeTarget section */
		A6693C911D1C0D88008A3E41 /* AlbumReaderDemo */ = {
			isa = PBXNativeTarget;
			buildConfigurationList = A6693CA91D1C0D88008A3E41 /* Build configuration list for PBXNativeTarget "AlbumReaderDemo" */;
			buildPhases = (
				A6693C8E1D1C0D88008A3E41 /* Sources */,
				A6693C8F1D1C0D88008A3E41 /* Frameworks */,
				A6693C901D1C0D88008A3E41 /* Resources */,
			);
			buildRules = (
			);
			dependencies = (
			);
			name = AlbumReaderDemo;
			productName = AlbumReaderDemo;
			productReference = A6693C921D1C0D88008A3E41 /* AlbumReaderDemo.app */;
			productType = "com.apple.product-type.application";
		};
/* End PBXNativeTarget section */

/* Begin PBXProject section */
		A6693C8A1D1C0D88008A3E41 /* Project object */ = {
			isa = PBXProject;
			attributes = {
				LastUpgradeCheck = 0730;
				ORGANIZATIONNAME = ccnyou;
				TargetAttributes = {
					A6693C911D1C0D88008A3E41 = {
						CreatedOnToolsVersion = 7.3.1;
					};
				};
			};
			buildConfigurationList = A6693C8D1D1C0D88008A3E41 /* Build configuration list for PBXProject "AlbumReaderDemo" */;
			compatibilityVersion = "Xcode 3.2";
			developmentRegion = English;
			hasScannedForEncodings = 0;
			knownRegions = (
				en,
				Base,
			);
			mainGroup = A6693C891D1C0D88008A3E41;
			productRefGroup = A6693C931D1C0D88008A3E41 /* Products */;
			projectDirPath = "";
			projectRoot = "";
			targets = (
				A6693C911D1C0D88008A3E41 /* AlbumReaderDemo */,
			);
		};
/* End PBXProject section */

/* Begin PBXResourcesBuildPhase section */
		A6693C901D1C0D88008A3E41 /* Resources */ = {
			isa = PBXResourcesBuildPhase;
			buildActionMask = 2147483647;
			files = (
				A6693CA51D1C0D88008A3E41 /* LaunchScreen.storyboard in Resources */,
				A6693CA21D1C0D88008A3E41 /* Assets.xcassets in Resources */,
				A6693CA01D1C0D88008A3E41 /* Main.storyboard in Resources */,
			);
			runOnlyForDeploymentPostprocessing = 0;
		};
/* End PBXResourcesBuildPhase section */

/* Begin PBXSourcesBuildPhase section */
		A6693C8E1D1C0D88008A3E41 /* Sources */ = {
			isa = PBXSourcesBuildPhase;
			buildActionMask = 2147483647;
			files = (
				A6693C9D1D1C0D88008A3E41 /* ViewController.m in Sources */,
				A6693C9A1D1C0D88008A3E41 /* AppDelegate.m in Sources */,
				A6693C971D1C0D88008A3E41 /* main.m in Sources */,
			);
			runOnlyForDeploymentPostprocessing = 0;
		};
/* End PBXSourcesBuildPhase section */

/* Begin PBXVariantGroup section */
		A6693C9E1D1C0D88008A3E41 /* Main.storyboard */ = {
			isa = PBXVariantGroup;
			children = (
				A6693C9F1D1C0D88008A3E41 /* Base */,
			);
			name = Main.storyboard;
			sourceTree = "<group>";
		};
		A6693CA31D1C0D88008A3E41 /* LaunchScreen.storyboard */ = {
			isa = PBXVariantGroup;
			children = (
				A6693CA41D1C0D88008A3E41 /* Base */,
			);
			name = LaunchScreen.storyboard;
			sourceTree = "<group>";
		};
/* End PBXVariantGroup section */

/* Begin XCBuildConfiguration section */
		A6693CA71D1C0D88008A3E41 /* Debug */ = {
			isa = XCBuildConfiguration;
			buildSettings = {
				ALWAYS_SEARCH_USER_PATHS = NO;
				CLANG_ANALYZER_NONNULL = YES;
				CLANG_CXX_LANGUAGE_STANDARD = "gnu++0x";
				CLANG_CXX_LIBRARY = "libc++";
				CLANG_ENABLE_MODULES = YES;
				CLANG_ENABLE_OBJC_ARC = YES;
				CLANG_WARN_BOOL_CONVERSION = YES;
				CLANG_WARN_CONSTANT_CONVERSION = YES;
				CLANG_WARN_DIRECT_OBJC_ISA_USAGE = YES_ERROR;
				CLANG_WARN_EMPTY_BODY = YES;
				CLANG_WARN_ENUM_CONVERSION = YES;
				CLANG_WARN_INT_CONVERSION = YES;
				CLANG_WARN_OBJC_ROOT_CLASS = YES_ERROR;
				CLANG_WARN_UNREACHABLE_CODE = YES;
				CLANG_WARN__DUPLICATE_METHOD_MATCH = YES;
				"CODE_SIGN_IDENTITY[sdk=iphoneos*]" = "iPhone Developer";
				COPY_PHASE_STRIP = NO;
				DEBUG_INFORMATION_FORMAT = dwarf;
				ENABLE_STRICT_OBJC_MSGSEND = YES;
				ENABLE_TESTABILITY = YES;
				GCC_C_LANGUAGE_STANDARD = gnu99;
				GCC_DYNAMIC_NO_PIC = NO;
				GCC_NO_COMMON_BLOCKS = YES;
				GCC_OPTIMIZATION_LEVEL = 0;
				GCC_PREPROCESSOR_DEFINITIONS = (
					"DEBUG=1",
					"$(inherited)",
				);
				GCC_WARN_64_TO_32_BIT_CONVERSION = YES;
				GCC_WARN_ABOUT_RETURN_TYPE = YES_ERROR;
				GCC_WARN_UNDECLARED_SELECTOR = YES;
				GCC_WARN_UNINITIALIZED_AUTOS = YES_AGGRESSIVE;
				GCC_WARN_UNUSED_FUNCTION = YES;
				GCC_WARN_UNUSED_VARIABLE = YES;
				IPHONEOS_DEPLOYMENT_TARGET = 7.0;
				MTL_ENABLE_DEBUG_INFO = YES;
				ONLY_ACTIVE_ARCH = YES;
				SDKROOT = iphoneos;
			};
			name = Debug;
		};
		A6693CA81D1C0D88008A3E41 /* Release */ = {
			isa = XCBuildConfiguration;
			buildSettings = {
				ALWAYS_SEARCH_USER_PATHS = NO;
				CLANG_ANALYZER_NONNULL = YES;
				CLANG_CXX_LANGUAGE_STANDARD = "gnu++0x";
				CLANG_CXX_LIBRARY = "libc++";
				CLANG_ENABLE_MODULES = YES;
				CLANG_ENABLE_OBJC_ARC = YES;
				CLANG_WARN_BOOL_CONVERSION = YES;
				CLANG_WARN_CONSTANT_CONVERSION = YES;
				CLANG_WARN_DIRECT_OBJC_ISA_USAGE = YES_ERROR;
				CLANG_WARN_EMPTY_BODY = YES;
				CLANG_WARN_ENUM_CONVERSION = YES;
				CLANG_WARN_INT_CONVERSION = YES;
				CLANG_WARN_OBJC_ROOT_CLASS = YES_ERROR;
				CLANG_WARN_UNREACHABLE_CODE = YES;
				CLANG_WARN__DUPLICATE_METHOD_MATCH = YES;
				"CODE_SIGN_IDENTITY[sdk=iphoneos*]" = "iPhone Developer";
				COPY_PHASE_STRIP = NO;
				DEBUG_INFORMATION_FORMAT = "dwarf-with-dsym";
				ENABLE_NS_ASSERTIONS = NO;
				ENABLE_STRICT_OBJC_MSGSEND = YES;
				GCC_C_LANGUAGE_STANDARD = gnu99;
				GCC_NO_COMMON_BLOCKS = YES;
				GCC_WARN_64_TO_32_BIT_CONVERSION = YES;
				GCC_WARN_ABOUT_RETURN_TYPE = YES_ERROR;
				GCC_WARN_UNDECLARED_SELECTOR = YES;
				GCC_WARN_UNINITIALIZED_AUTOS = YES_AGGRESSIVE;
				GCC_WARN_UNUSED_FUNCTION = YES;
				GCC_WARN_UNUSED_VARIABLE = YES;
				IPHONEOS_DEPLOYMENT_TARGET = 7.0;
				MTL_ENABLE_DEBUG_INFO = NO;
				SDKROOT = iphoneos;
				VALIDATE_PRODUCT = YES;
			};
			name = Release;
		};
		A6693CAA1D1C0D88008A3E41 /* Debug */ = {
			isa = XCBuildConfiguration;
			buildSettings = {
				ASSETCATALOG_COMPILER_APPICON_NAME = AppIcon;
				ASSETCATALOG_COMPILER_LAUNCHIMAGE_NAME = LaunchImage;
				INFOPLIST_FILE = AlbumReaderDemo/Info.plist;
				IPHONEOS_DEPLOYMENT_TARGET = 7.0;
				LD_RUNPATH_SEARCH_PATHS = "$(inherited) @executable_path/Frameworks";
				PRODUCT_BUNDLE_IDENTIFIER = com.ccnyou.AlbumReaderDemo;
				PRODUCT_NAME = "$(TARGET_NAME)";
			};
			name = Debug;
		};
		A6693CAB1D1C0D88008A3E41 /* Release */ = {
			isa = XCBuildConfiguration;
			buildSettings = {
				ASSETCATALOG_COMPILER_APPICON_NAME = AppIcon;
				ASSETCATALOG_COMPILER_LAUNCHIMAGE_NAME = LaunchImage;
				INFOPLIST_FILE = AlbumReaderDemo/Info.plist;
				IPHONEOS_DEPLOYMENT_TARGET = 7.0;
				LD_RUNPATH_SEARCH_PATHS = "$(inherited) @executable_path/Frameworks";
				PRODUCT_BUNDLE_IDENTIFIER = com.ccnyou.AlbumReaderDemo;
				PRODUCT_NAME = "$(TARGET_NAME)";
			};
			name = Release;
		};
/* End XCBuildConfiguration section */

/* Begin XCConfigurationList section */
		A6693C8D1D1C0D88008A3E41 /* Build configuration list for PBXProject "AlbumReaderDemo" */ = {
			isa = XCConfigurationList;
			buildConfigurations = (
				A6693CA71D1C0D88008A3E41 /* Debug */,
				A6693CA81D1C0D88008A3E41 /* Release */,
			);
			defaultConfigurationIsVisible = 0;
			defaultConfigurationName = Release;
		};
		A6693CA91D1C0D88008A3E41 /* Build configuration list for PBXNativeTarget "AlbumReaderDemo" */ = {
			isa = XCConfigurationList;
			buildConfigurations = (
				A6693CAA1D1C0D88008A3E41 /* Debug */,
				A6693CAB1D1C0D88008A3E41 /* Release */,
			);
			defaultConfigurationIsVisible = 0;
			defaultConfigurationName = Release;
		};
/* End XCConfigurationList section */
	};
	rootObject = A6693C8A1D1C0D88008A3E41 /* Project object */;
}
